// !$*UTF8*$!
{
	archiveVersion = 1;
	classes = {
	};
	objectVersion = 46;
	objects = {

/* Begin PBXBuildFile section */
		5D37A4301CAE20B500145CC5 /* AppDelegate.swift in Sources */ = {isa = PBXBuildFile; fileRef = 5D37A42F1CAE20B500145CC5 /* AppDelegate.swift */; };
		5D37A4341CAE20B500145CC5 /* GameScene.swift in Sources */ = {isa = PBXBuildFile; fileRef = 5D37A4331CAE20B500145CC5 /* GameScene.swift */; };
		5D37A4361CAE20B500145CC5 /* GameViewController.swift in Sources */ = {isa = PBXBuildFile; fileRef = 5D37A4351CAE20B500145CC5 /* GameViewController.swift */; };
		5D37A4391CAE20B500145CC5 /* Main.storyboard in Resources */ = {isa = PBXBuildFile; fileRef = 5D37A4371CAE20B500145CC5 /* Main.storyboard */; };
		5D37A43B1CAE20B500145CC5 /* Assets.xcassets in Resources */ = {isa = PBXBuildFile; fileRef = 5D37A43A1CAE20B500145CC5 /* Assets.xcassets */; };
		5D37A43E1CAE20B500145CC5 /* LaunchScreen.storyboard in Resources */ = {isa = PBXBuildFile; fileRef = 5D37A43C1CAE20B500145CC5 /* LaunchScreen.storyboard */; };
		5D37A4531CAE215E00145CC5 /* Spike.sks in Resources */ = {isa = PBXBuildFile; fileRef = 5D37A4461CAE215E00145CC5 /* Spike.sks */; };
		5D37A4541CAE215E00145CC5 /* EnemyPipe.sks in Resources */ = {isa = PBXBuildFile; fileRef = 5D37A4471CAE215E00145CC5 /* EnemyPipe.sks */; };
		5D37A4551CAE215E00145CC5 /* GameScene.sks in Resources */ = {isa = PBXBuildFile; fileRef = 5D37A4481CAE215E00145CC5 /* GameScene.sks */; };
		5D37A4561CAE215E00145CC5 /* Ground.sks in Resources */ = {isa = PBXBuildFile; fileRef = 5D37A4491CAE215E00145CC5 /* Ground.sks */; };
		5D37A4571CAE215E00145CC5 /* JumpLeft.sks in Resources */ = {isa = PBXBuildFile; fileRef = 5D37A44A1CAE215E00145CC5 /* JumpLeft.sks */; };
		5D37A4581CAE215E00145CC5 /* JumpRight.sks in Resources */ = {isa = PBXBuildFile; fileRef = 5D37A44B1CAE215E00145CC5 /* JumpRight.sks */; };
		5D37A4591CAE215E00145CC5 /* MoveLeft.sks in Resources */ = {isa = PBXBuildFile; fileRef = 5D37A44C1CAE215E00145CC5 /* MoveLeft.sks */; };
		5D37A45A1CAE215E00145CC5 /* MoveRight.sks in Resources */ = {isa = PBXBuildFile; fileRef = 5D37A44D1CAE215E00145CC5 /* MoveRight.sks */; };
		5D37A45B1CAE215E00145CC5 /* Plant.sks in Resources */ = {isa = PBXBuildFile; fileRef = 5D37A44E1CAE215E00145CC5 /* Plant.sks */; };
		5D37A45C1CAE215E00145CC5 /* Player.sks in Resources */ = {isa = PBXBuildFile; fileRef = 5D37A44F1CAE215E00145CC5 /* Player.sks */; };
		5D37A45D1CAE215E00145CC5 /* StationaryLeft.sks in Resources */ = {isa = PBXBuildFile; fileRef = 5D37A4501CAE215E00145CC5 /* StationaryLeft.sks */; };
		5D37A45E1CAE215E00145CC5 /* StationaryRight.sks in Resources */ = {isa = PBXBuildFile; fileRef = 5D37A4511CAE215E00145CC5 /* StationaryRight.sks */; };
		5D37A45F1CAE215E00145CC5 /* WarpPipe.sks in Resources */ = {isa = PBXBuildFile; fileRef = 5D37A4521CAE215E00145CC5 /* WarpPipe.sks */; };
		5D37A4641CAE216500145CC5 /* Block.swift in Sources */ = {isa = PBXBuildFile; fileRef = 5D37A4611CAE216500145CC5 /* Block.swift */; };
		5D37A4651CAE216500145CC5 /* Spike.swift in Sources */ = {isa = PBXBuildFile; fileRef = 5D37A4621CAE216500145CC5 /* Spike.swift */; };
		5D37A4661CAE216500145CC5 /* Player.swift in Sources */ = {isa = PBXBuildFile; fileRef = 5D37A4631CAE216500145CC5 /* Player.swift */; };
		5D37A4691CAE225200145CC5 /* OptionSetType.swift in Sources */ = {isa = PBXBuildFile; fileRef = 5D37A4681CAE225200145CC5 /* OptionSetType.swift */; };
		5D535CA61CB09512002636BB /* Ground.swift in Sources */ = {isa = PBXBuildFile; fileRef = 5D535CA51CB09512002636BB /* Ground.swift */; };
		5D535CA81CB09537002636BB /* Pipe.swift in Sources */ = {isa = PBXBuildFile; fileRef = 5D535CA71CB09537002636BB /* Pipe.swift */; };
		5D535CAA1CB0969A002636BB /* GameNode.swift in Sources */ = {isa = PBXBuildFile; fileRef = 5D535CA91CB0969A002636BB /* GameNode.swift */; };
		5D535CAC1CB096C7002636BB /* OptionSetType+Extension.swift in Sources */ = {isa = PBXBuildFile; fileRef = 5D535CAB1CB096C7002636BB /* OptionSetType+Extension.swift */; };
		5D535CAF1CB0A7CA002636BB /* Plant.swift in Sources */ = {isa = PBXBuildFile; fileRef = 5D535CAE1CB0A7CA002636BB /* Plant.swift */; };
		5D535CB11CB0A9C5002636BB /* MagicNumbers.swift in Sources */ = {isa = PBXBuildFile; fileRef = 5D535CB01CB0A9C5002636BB /* MagicNumbers.swift */; };
		5D535CB61CB0BA53002636BB /* DeathScene.sks in Resources */ = {isa = PBXBuildFile; fileRef = 5D535CB51CB0BA53002636BB /* DeathScene.sks */; };
		5D535CB81CB0BB6A002636BB /* DeathScene.swift in Sources */ = {isa = PBXBuildFile; fileRef = 5D535CB71CB0BB6A002636BB /* DeathScene.swift */; };
/* End PBXBuildFile section */

/* Begin PBXFileReference section */
		5D37A42C1CAE20B500145CC5 /* SuperNinjaWorld.app */ = {isa = PBXFileReference; explicitFileType = wrapper.application; includeInIndex = 0; path = SuperNinjaWorld.app; sourceTree = BUILT_PRODUCTS_DIR; };
		5D37A42F1CAE20B500145CC5 /* AppDelegate.swift */ = {isa = PBXFileReference; lastKnownFileType = sourcecode.swift; path = AppDelegate.swift; sourceTree = "<group>"; };
		5D37A4331CAE20B500145CC5 /* GameScene.swift */ = {isa = PBXFileReference; lastKnownFileType = sourcecode.swift; path = GameScene.swift; sourceTree = "<group>"; };
		5D37A4351CAE20B500145CC5 /* GameViewController.swift */ = {isa = PBXFileReference; lastKnownFileType = sourcecode.swift; path = GameViewController.swift; sourceTree = "<group>"; };
		5D37A4381CAE20B500145CC5 /* Base */ = {isa = PBXFileReference; lastKnownFileType = file.storyboard; name = Base; path = Base.lproj/Main.storyboard; sourceTree = "<group>"; };
		5D37A43A1CAE20B500145CC5 /* Assets.xcassets */ = {isa = PBXFileReference; lastKnownFileType = folder.assetcatalog; path = Assets.xcassets; sourceTree = "<group>"; };
		5D37A43D1CAE20B500145CC5 /* Base */ = {isa = PBXFileReference; lastKnownFileType = file.storyboard; name = Base; path = Base.lproj/LaunchScreen.storyboard; sourceTree = "<group>"; };
		5D37A43F1CAE20B500145CC5 /* Info.plist */ = {isa = PBXFileReference; lastKnownFileType = text.plist.xml; path = Info.plist; sourceTree = "<group>"; };
		5D37A4461CAE215E00145CC5 /* Spike.sks */ = {isa = PBXFileReference; lastKnownFileType = file.sks; path = Spike.sks; sourceTree = "<group>"; };
		5D37A4471CAE215E00145CC5 /* EnemyPipe.sks */ = {isa = PBXFileReference; lastKnownFileType = file.sks; path = EnemyPipe.sks; sourceTree = "<group>"; };
		5D37A4481CAE215E00145CC5 /* GameScene.sks */ = {isa = PBXFileReference; lastKnownFileType = file.sks; path = GameScene.sks; sourceTree = "<group>"; };
		5D37A4491CAE215E00145CC5 /* Ground.sks */ = {isa = PBXFileReference; lastKnownFileType = file.sks; path = Ground.sks; sourceTree = "<group>"; };
		5D37A44A1CAE215E00145CC5 /* JumpLeft.sks */ = {isa = PBXFileReference; lastKnownFileType = file.sks; path = JumpLeft.sks; sourceTree = "<group>"; };
		5D37A44B1CAE215E00145CC5 /* JumpRight.sks */ = {isa = PBXFileReference; lastKnownFileType = file.sks; path = JumpRight.sks; sourceTree = "<group>"; };
		5D37A44C1CAE215E00145CC5 /* MoveLeft.sks */ = {isa = PBXFileReference; lastKnownFileType = file.sks; path = MoveLeft.sks; sourceTree = "<group>"; };
		5D37A44D1CAE215E00145CC5 /* MoveRight.sks */ = {isa = PBXFileReference; lastKnownFileType = file.sks; path = MoveRight.sks; sourceTree = "<group>"; };
		5D37A44E1CAE215E00145CC5 /* Plant.sks */ = {isa = PBXFileReference; lastKnownFileType = file.sks; path = Plant.sks; sourceTree = "<group>"; };
		5D37A44F1CAE215E00145CC5 /* Player.sks */ = {isa = PBXFileReference; lastKnownFileType = file.sks; path = Player.sks; sourceTree = "<group>"; };
		5D37A4501CAE215E00145CC5 /* StationaryLeft.sks */ = {isa = PBXFileReference; lastKnownFileType = file.sks; path = StationaryLeft.sks; sourceTree = "<group>"; };
		5D37A4511CAE215E00145CC5 /* StationaryRight.sks */ = {isa = PBXFileReference; lastKnownFileType = file.sks; path = StationaryRight.sks; sourceTree = "<group>"; };
		5D37A4521CAE215E00145CC5 /* WarpPipe.sks */ = {isa = PBXFileReference; lastKnownFileType = file.sks; path = WarpPipe.sks; sourceTree = "<group>"; };
		5D37A4611CAE216500145CC5 /* Block.swift */ = {isa = PBXFileReference; fileEncoding = 4; lastKnownFileType = sourcecode.swift; path = Block.swift; sourceTree = "<group>"; };
		5D37A4621CAE216500145CC5 /* Spike.swift */ = {isa = PBXFileReference; fileEncoding = 4; lastKnownFileType = sourcecode.swift; path = Spike.swift; sourceTree = "<group>"; };
		5D37A4631CAE216500145CC5 /* Player.swift */ = {isa = PBXFileReference; fileEncoding = 4; lastKnownFileType = sourcecode.swift; path = Player.swift; sourceTree = "<group>"; };
		5D37A4681CAE225200145CC5 /* OptionSetType.swift */ = {isa = PBXFileReference; fileEncoding = 4; lastKnownFileType = sourcecode.swift; path = OptionSetType.swift; sourceTree = "<group>"; };
		5D535CA51CB09512002636BB /* Ground.swift */ = {isa = PBXFileReference; fileEncoding = 4; lastKnownFileType = sourcecode.swift; path = Ground.swift; sourceTree = "<group>"; };
		5D535CA71CB09537002636BB /* Pipe.swift */ = {isa = PBXFileReference; fileEncoding = 4; lastKnownFileType = sourcecode.swift; path = Pipe.swift; sourceTree = "<group>"; };
		5D535CA91CB0969A002636BB /* GameNode.swift */ = {isa = PBXFileReference; fileEncoding = 4; lastKnownFileType = sourcecode.swift; path = GameNode.swift; sourceTree = "<group>"; };
		5D535CAB1CB096C7002636BB /* OptionSetType+Extension.swift */ = {isa = PBXFileReference; fileEncoding = 4; lastKnownFileType = sourcecode.swift; path = "OptionSetType+Extension.swift"; sourceTree = "<group>"; };
		5D535CAE1CB0A7CA002636BB /* Plant.swift */ = {isa = PBXFileReference; fileEncoding = 4; lastKnownFileType = sourcecode.swift; path = Plant.swift; sourceTree = "<group>"; };
		5D535CB01CB0A9C5002636BB /* MagicNumbers.swift */ = {isa = PBXFileReference; fileEncoding = 4; lastKnownFileType = sourcecode.swift; path = MagicNumbers.swift; sourceTree = "<group>"; };
		5D535CB51CB0BA53002636BB /* DeathScene.sks */ = {isa = PBXFileReference; lastKnownFileType = file.sks; path = DeathScene.sks; sourceTree = "<group>"; };
		5D535CB71CB0BB6A002636BB /* DeathScene.swift */ = {isa = PBXFileReference; fileEncoding = 4; lastKnownFileType = sourcecode.swift; path = DeathScene.swift; sourceTree = "<group>"; };
/* End PBXFileReference section */

/* Begin PBXFrameworksBuildPhase section */
		5D37A4291CAE20B500145CC5 /* Frameworks */ = {
			isa = PBXFrameworksBuildPhase;
			buildActionMask = 2147483647;
			files = (
			);
			runOnlyForDeploymentPostprocessing = 0;
		};
/* End PBXFrameworksBuildPhase section */

/* Begin PBXGroup section */
		5D37A4231CAE20B500145CC5 = {
			isa = PBXGroup;
			children = (
				5D37A42E1CAE20B500145CC5 /* SuperNinjaWorld */,
				5D37A42D1CAE20B500145CC5 /* Products */,
			);
			sourceTree = "<group>";
		};
		5D37A42D1CAE20B500145CC5 /* Products */ = {
			isa = PBXGroup;
			children = (
				5D37A42C1CAE20B500145CC5 /* SuperNinjaWorld.app */,
			);
			name = Products;
			sourceTree = "<group>";
		};
		5D37A42E1CAE20B500145CC5 /* SuperNinjaWorld */ = {
			isa = PBXGroup;
			children = (
				5D37A42F1CAE20B500145CC5 /* AppDelegate.swift */,
				5D37A4331CAE20B500145CC5 /* GameScene.swift */,
				5D535CB71CB0BB6A002636BB /* DeathScene.swift */,
				5D37A4351CAE20B500145CC5 /* GameViewController.swift */,
				5D535CA91CB0969A002636BB /* GameNode.swift */,
				5D535CB01CB0A9C5002636BB /* MagicNumbers.swift */,
				5D535CAD1CB09784002636BB /* OptionSetType */,
				5D37A4601CAE216500145CC5 /* Sprites */,
				5D37A4671CAE219A00145CC5 /* Storyboards */,
				5D37A4451CAE215E00145CC5 /* Scenes */,
				5D37A43A1CAE20B500145CC5 /* Assets.xcassets */,
				5D37A43F1CAE20B500145CC5 /* Info.plist */,
			);
			path = SuperNinjaWorld;
			sourceTree = "<group>";
		};
		5D37A4451CAE215E00145CC5 /* Scenes */ = {
			isa = PBXGroup;
			children = (
				5D37A44F1CAE215E00145CC5 /* Player.sks */,
				5D37A4461CAE215E00145CC5 /* Spike.sks */,
				5D37A4481CAE215E00145CC5 /* GameScene.sks */,
				5D535CB51CB0BA53002636BB /* DeathScene.sks */,
				5D37A4491CAE215E00145CC5 /* Ground.sks */,
				5D37A44E1CAE215E00145CC5 /* Plant.sks */,
				5D37A4521CAE215E00145CC5 /* WarpPipe.sks */,
				5D37A4471CAE215E00145CC5 /* EnemyPipe.sks */,
				5D37A44A1CAE215E00145CC5 /* JumpLeft.sks */,
				5D37A44B1CAE215E00145CC5 /* JumpRight.sks */,
				5D37A44C1CAE215E00145CC5 /* MoveLeft.sks */,
				5D37A44D1CAE215E00145CC5 /* MoveRight.sks */,
				5D37A4501CAE215E00145CC5 /* StationaryLeft.sks */,
				5D37A4511CAE215E00145CC5 /* StationaryRight.sks */,
			);
			path = Scenes;
			sourceTree = "<group>";
		};
		5D37A4601CAE216500145CC5 /* Sprites */ = {
			isa = PBXGroup;
			children = (
				5D37A4631CAE216500145CC5 /* Player.swift */,
				5D37A4621CAE216500145CC5 /* Spike.swift */,
				5D535CAE1CB0A7CA002636BB /* Plant.swift */,
				5D37A4611CAE216500145CC5 /* Block.swift */,
				5D535CA51CB09512002636BB /* Ground.swift */,
				5D535CA71CB09537002636BB /* Pipe.swift */,
			);
			path = Sprites;
			sourceTree = "<group>";
		};
		5D37A4671CAE219A00145CC5 /* Storyboards */ = {
			isa = PBXGroup;
			children = (
				5D37A4371CAE20B500145CC5 /* Main.storyboard */,
				5D37A43C1CAE20B500145CC5 /* LaunchScreen.storyboard */,
			);
			name = Storyboards;
			sourceTree = "<group>";
		};
		5D535CAD1CB09784002636BB /* OptionSetType */ = {
			isa = PBXGroup;
			children = (
				5D37A4681CAE225200145CC5 /* OptionSetType.swift */,
				5D535CAB1CB096C7002636BB /* OptionSetType+Extension.swift */,
			);
			name = OptionSetType;
			sourceTree = "<group>";
		};
/* End PBXGroup section */

/* Begin PBXNativeTarget section */
		5D37A42B1CAE20B500145CC5 /* SuperNinjaWorld */ = {
			isa = PBXNativeTarget;
			buildConfigurationList = 5D37A4421CAE20B500145CC5 /* Build configuration list for PBXNativeTarget "SuperNinjaWorld" */;
			buildPhases = (
				5D37A4281CAE20B500145CC5 /* Sources */,
				5D37A4291CAE20B500145CC5 /* Frameworks */,
				5D37A42A1CAE20B500145CC5 /* Resources */,
			);
			buildRules = (
			);
			dependencies = (
			);
			name = SuperNinjaWorld;
			productName = SuperNinjaWorld;
			productReference = 5D37A42C1CAE20B500145CC5 /* SuperNinjaWorld.app */;
			productType = "com.apple.product-type.application";
		};
/* End PBXNativeTarget section */

/* Begin PBXProject section */
		5D37A4241CAE20B500145CC5 /* Project object */ = {
			isa = PBXProject;
			attributes = {
				LastSwiftUpdateCheck = 0730;
				LastUpgradeCheck = 0730;
				ORGANIZATIONNAME = "Hector Matos";
				TargetAttributes = {
					5D37A42B1CAE20B500145CC5 = {
						CreatedOnToolsVersion = 7.3;
					};
				};
			};
			buildConfigurationList = 5D37A4271CAE20B500145CC5 /* Build configuration list for PBXProject "SuperNinjaWorld" */;
			compatibilityVersion = "Xcode 3.2";
			developmentRegion = English;
			hasScannedForEncodings = 0;
			knownRegions = (
				en,
				Base,
			);
			mainGroup = 5D37A4231CAE20B500145CC5;
			productRefGroup = 5D37A42D1CAE20B500145CC5 /* Products */;
			projectDirPath = "";
			projectRoot = "";
			targets = (
				5D37A42B1CAE20B500145CC5 /* SuperNinjaWorld */,
			);
		};
/* End PBXProject section */

/* Begin PBXResourcesBuildPhase section */
		5D37A42A1CAE20B500145CC5 /* Resources */ = {
			isa = PBXResourcesBuildPhase;
			buildActionMask = 2147483647;
			files = (
				5D37A4561CAE215E00145CC5 /* Ground.sks in Resources */,
				5D37A45A1CAE215E00145CC5 /* MoveRight.sks in Resources */,
				5D37A45F1CAE215E00145CC5 /* WarpPipe.sks in Resources */,
				5D37A4581CAE215E00145CC5 /* JumpRight.sks in Resources */,
				5D37A43E1CAE20B500145CC5 /* LaunchScreen.storyboard in Resources */,
				5D37A43B1CAE20B500145CC5 /* Assets.xcassets in Resources */,
				5D37A4571CAE215E00145CC5 /* JumpLeft.sks in Resources */,
				5D535CB61CB0BA53002636BB /* DeathScene.sks in Resources */,
				5D37A4531CAE215E00145CC5 /* Spike.sks in Resources */,
				5D37A45C1CAE215E00145CC5 /* Player.sks in Resources */,
				5D37A4551CAE215E00145CC5 /* GameScene.sks in Resources */,
				5D37A4541CAE215E00145CC5 /* EnemyPipe.sks in Resources */,
				5D37A45B1CAE215E00145CC5 /* Plant.sks in Resources */,
				5D37A4591CAE215E00145CC5 /* MoveLeft.sks in Resources */,
				5D37A4391CAE20B500145CC5 /* Main.storyboard in Resources */,
				5D37A45E1CAE215E00145CC5 /* StationaryRight.sks in Resources */,
				5D37A45D1CAE215E00145CC5 /* StationaryLeft.sks in Resources */,
			);
			runOnlyForDeploymentPostprocessing = 0;
		};
/* End PBXResourcesBuildPhase section */

/* Begin PBXSourcesBuildPhase section */
		5D37A4281CAE20B500145CC5 /* Sources */ = {
			isa = PBXSourcesBuildPhase;
			buildActionMask = 2147483647;
			files = (
				5D37A4341CAE20B500145CC5 /* GameScene.swift in Sources */,
				5D535CAF1CB0A7CA002636BB /* Plant.swift in Sources */,
				5D37A4651CAE216500145CC5 /* Spike.swift in Sources */,
				5D37A4641CAE216500145CC5 /* Block.swift in Sources */,
				5D535CAA1CB0969A002636BB /* GameNode.swift in Sources */,
				5D37A4361CAE20B500145CC5 /* GameViewController.swift in Sources */,
				5D37A4661CAE216500145CC5 /* Player.swift in Sources */,
				5D37A4301CAE20B500145CC5 /* AppDelegate.swift in Sources */,
				5D535CA81CB09537002636BB /* Pipe.swift in Sources */,
				5D535CAC1CB096C7002636BB /* OptionSetType+Extension.swift in Sources */,
				5D535CA61CB09512002636BB /* Ground.swift in Sources */,
				5D535CB11CB0A9C5002636BB /* MagicNumbers.swift in Sources */,
				5D37A4691CAE225200145CC5 /* OptionSetType.swift in Sources */,
				5D535CB81CB0BB6A002636BB /* DeathScene.swift in Sources */,
			);
			runOnlyForDeploymentPostprocessing = 0;
		};
/* End PBXSourcesBuildPhase section */

/* Begin PBXVariantGroup section */
		5D37A4371CAE20B500145CC5 /* Main.storyboard */ = {
			isa = PBXVariantGroup;
			children = (
				5D37A4381CAE20B500145CC5 /* Base */,
			);
			name = Main.storyboard;
			sourceTree = "<group>";
		};
		5D37A43C1CAE20B500145CC5 /* LaunchScreen.storyboard */ = {
			isa = PBXVariantGroup;
			children = (
				5D37A43D1CAE20B500145CC5 /* Base */,
			);
			name = LaunchScreen.storyboard;
			sourceTree = "<group>";
		};
/* End PBXVariantGroup section */

/* Begin XCBuildConfiguration section */
		5D37A4401CAE20B500145CC5 /* Debug */ = {
			isa = XCBuildConfiguration;
			buildSettings = {
				ALWAYS_SEARCH_USER_PATHS = NO;
				CLANG_ANALYZER_NONNULL = YES;
				CLANG_CXX_LANGUAGE_STANDARD = "gnu++0x";
				CLANG_CXX_LIBRARY = "libc++";
				CLANG_ENABLE_MODULES = YES;
				CLANG_ENABLE_OBJC_ARC = YES;
				CLANG_WARN_BOOL_CONVERSION = YES;
				CLANG_WARN_CONSTANT_CONVERSION = YES;
				CLANG_WARN_DIRECT_OBJC_ISA_USAGE = YES_ERROR;
				CLANG_WARN_EMPTY_BODY = YES;
				CLANG_WARN_ENUM_CONVERSION = YES;
				CLANG_WARN_INT_CONVERSION = YES;
				CLANG_WARN_OBJC_ROOT_CLASS = YES_ERROR;
				CLANG_WARN_UNREACHABLE_CODE = YES;
				CLANG_WARN__DUPLICATE_METHOD_MATCH = YES;
				"CODE_SIGN_IDENTITY[sdk=iphoneos*]" = "iPhone Developer";
				COPY_PHASE_STRIP = NO;
				DEBUG_INFORMATION_FORMAT = "dwarf-with-dsym";
				ENABLE_STRICT_OBJC_MSGSEND = YES;
				ENABLE_TESTABILITY = YES;
				GCC_C_LANGUAGE_STANDARD = gnu99;
				GCC_DYNAMIC_NO_PIC = NO;
				GCC_NO_COMMON_BLOCKS = YES;
				GCC_OPTIMIZATION_LEVEL = 0;
				GCC_PREPROCESSOR_DEFINITIONS = (
					"DEBUG=1",
					"$(inherited)",
				);
				GCC_WARN_64_TO_32_BIT_CONVERSION = YES;
				GCC_WARN_ABOUT_RETURN_TYPE = YES_ERROR;
				GCC_WARN_UNDECLARED_SELECTOR = YES;
				GCC_WARN_UNINITIALIZED_AUTOS = YES_AGGRESSIVE;
				GCC_WARN_UNUSED_FUNCTION = YES;
				GCC_WARN_UNUSED_VARIABLE = YES;
				IPHONEOS_DEPLOYMENT_TARGET = 9.3;
				MTL_ENABLE_DEBUG_INFO = YES;
				ONLY_ACTIVE_ARCH = YES;
				SDKROOT = iphoneos;
				SWIFT_OPTIMIZATION_LEVEL = "-Onone";
				TARGETED_DEVICE_FAMILY = "1,2";
			};
			name = Debug;
		};
		5D37A4411CAE20B500145CC5 /* Release */ = {
			isa = XCBuildConfiguration;
			buildSettings = {
				ALWAYS_SEARCH_USER_PATHS = NO;
				CLANG_ANALYZER_NONNULL = YES;
				CLANG_CXX_LANGUAGE_STANDARD = "gnu++0x";
				CLANG_CXX_LIBRARY = "libc++";
				CLANG_ENABLE_MODULES = YES;
				CLANG_ENABLE_OBJC_ARC = YES;
				CLANG_WARN_BOOL_CONVERSION = YES;
				CLANG_WARN_CONSTANT_CONVERSION = YES;
				CLANG_WARN_DIRECT_OBJC_ISA_USAGE = YES_ERROR;
				CLANG_WARN_EMPTY_BODY = YES;
				CLANG_WARN_ENUM_CONVERSION = YES;
				CLANG_WARN_INT_CONVERSION = YES;
				CLANG_WARN_OBJC_ROOT_CLASS = YES_ERROR;
				CLANG_WARN_UNREACHABLE_CODE = YES;
				CLANG_WARN__DUPLICATE_METHOD_MATCH = YES;
				"CODE_SIGN_IDENTITY[sdk=iphoneos*]" = "iPhone Developer";
				COPY_PHASE_STRIP = NO;
				DEBUG_INFORMATION_FORMAT = "dwarf-with-dsym";
				ENABLE_NS_ASSERTIONS = NO;
				ENABLE_STRICT_OBJC_MSGSEND = YES;
				GCC_C_LANGUAGE_STANDARD = gnu99;
				GCC_NO_COMMON_BLOCKS = YES;
				GCC_WARN_64_TO_32_BIT_CONVERSION = YES;
				GCC_WARN_ABOUT_RETURN_TYPE = YES_ERROR;
				GCC_WARN_UNDECLARED_SELECTOR = YES;
				GCC_WARN_UNINITIALIZED_AUTOS = YES_AGGRESSIVE;
				GCC_WARN_UNUSED_FUNCTION = YES;
				GCC_WARN_UNUSED_VARIABLE = YES;
				IPHONEOS_DEPLOYMENT_TARGET = 9.3;
				MTL_ENABLE_DEBUG_INFO = NO;
				SDKROOT = iphoneos;
				TARGETED_DEVICE_FAMILY = "1,2";
				VALIDATE_PRODUCT = YES;
			};
			name = Release;
		};
		5D37A4431CAE20B500145CC5 /* Debug */ = {
			isa = XCBuildConfiguration;
			buildSettings = {
				ASSETCATALOG_COMPILER_APPICON_NAME = AppIcon;
				INFOPLIST_FILE = SuperNinjaWorld/Info.plist;
				LD_RUNPATH_SEARCH_PATHS = "$(inherited) @executable_path/Frameworks";
				PRODUCT_BUNDLE_IDENTIFIER = com.KrakenDev.SuperNinjaWorld;
				PRODUCT_NAME = "$(TARGET_NAME)";
			};
			name = Debug;
		};
		5D37A4441CAE20B500145CC5 /* Release */ = {
			isa = XCBuildConfiguration;
			buildSettings = {
				ASSETCATALOG_COMPILER_APPICON_NAME = AppIcon;
				INFOPLIST_FILE = SuperNinjaWorld/Info.plist;
				LD_RUNPATH_SEARCH_PATHS = "$(inherited) @executable_path/Frameworks";
				PRODUCT_BUNDLE_IDENTIFIER = com.KrakenDev.SuperNinjaWorld;
				PRODUCT_NAME = "$(TARGET_NAME)";
			};
			name = Release;
		};
/* End XCBuildConfiguration section */

/* Begin XCConfigurationList section */
		5D37A4271CAE20B500145CC5 /* Build configuration list for PBXProject "SuperNinjaWorld" */ = {
			isa = XCConfigurationList;
			buildConfigurations = (
				5D37A4401CAE20B500145CC5 /* Debug */,
				5D37A4411CAE20B500145CC5 /* Release */,
			);
			defaultConfigurationIsVisible = 0;
			defaultConfigurationName = Release;
		};
		5D37A4421CAE20B500145CC5 /* Build configuration list for PBXNativeTarget "SuperNinjaWorld" */ = {
			isa = XCConfigurationList;
			buildConfigurations = (
				5D37A4431CAE20B500145CC5 /* Debug */,
				5D37A4441CAE20B500145CC5 /* Release */,
			);
			defaultConfigurationIsVisible = 0;
			defaultConfigurationName = Release;
		};
/* End XCConfigurationList section */
	};
	rootObject = 5D37A4241CAE20B500145CC5 /* Project object */;
}
